
Microsoft Visual Studio Solution File, Format Version 12.00
# Visual Studio 15
VisualStudioVersion = 15.0.27428.2015
MinimumVisualStudioVersion = 10.0.40219.1
Project("{8BC9CEB8-8B4A-11D0-8D11-00A0C91BC942}") = "question8", "question8\question8.vcxproj", "{EA5576ED-2882-4A5A-B6D8-E23745B50947}"
EndProject
Global
	GlobalSection(SolutionConfigurationPlatforms) = preSolution
		Debug|x64 = Debug|x64
		Debug|x86 = Debug|x86
		Release|x64 = Release|x64
		Release|x86 = Release|x86
	EndGlobalSection
	GlobalSection(ProjectConfigurationPlatforms) = postSolution
		{EA5576ED-2882-4A5A-B6D8-E23745B50947}.Debug|x64.ActiveCfg = Debug|x64
		{EA5576ED-2882-4A5A-B6D8-E23745B50947}.Debug|x64.Build.0 = Debug|x64
		{EA5576ED-2882-4A5A-B6D8-E23745B50947}.Debug|x86.ActiveCfg = Debug|Win32
		{EA5576ED-2882-4A5A-B6D8-E23745B50947}.Debug|x86.Build.0 = Debug|Win32
		{EA5576ED-2882-4A5A-B6D8-E23745B50947}.Release|x64.ActiveCfg = Release|x64
		{EA5576ED-2882-4A5A-B6D8-E23745B50947}.Release|x64.Build.0 = Release|x64
		{EA5576ED-2882-4A5A-B6D8-E23745B50947}.Release|x86.ActiveCfg = Release|Win32
		{EA5576ED-2882-4A5A-B6D8-E23745B50947}.Release|x86.Build.0 = Release|Win32
	EndGlobalSection
	GlobalSection(SolutionProperties) = preSolution
		HideSolutionNode = FALSE
	EndGlobalSection
	GlobalSection(ExtensibilityGlobals) = postSolution
		SolutionGuid = {76080728-5074-4117-848A-951E492699C9}
	EndGlobalSection
EndGlobal
